
Microsoft Visual Studio Solution File, Format Version 12.00
# Visual Studio Version 17
VisualStudioVersion = 17.9.34728.123
MinimumVisualStudioVersion = 10.0.40219.1
Project("{FAE04EC0-301F-11D3-BF4B-00C04F79EFBC}") = "PR_TEST_12_04_24", "PR_TEST_12_04_24\PR_TEST_12_04_24.csproj", "{558854F6-805C-4FE1-83C1-FF4FEFD68A85}"
EndProject
Project("{FAE04EC0-301F-11D3-BF4B-00C04F79EFBC}") = "UnitTestProject1", "UnitTestProject1\UnitTestProject1.csproj", "{6EC9AA3F-0C6C-419D-A528-A03D9F6808AE}"
EndProject
Global
	GlobalSection(SolutionConfigurationPlatforms) = preSolution
		Debug|Any CPU = Debug|Any CPU
		Release|Any CPU = Release|Any CPU
	EndGlobalSection
	GlobalSection(ProjectConfigurationPlatforms) = postSolution
		{558854F6-805C-4FE1-83C1-FF4FEFD68A85}.Debug|Any CPU.ActiveCfg = Debug|Any CPU
		{558854F6-805C-4FE1-83C1-FF4FEFD68A85}.Debug|Any CPU.Build.0 = Debug|Any CPU
		{558854F6-805C-4FE1-83C1-FF4FEFD68A85}.Release|Any CPU.ActiveCfg = Release|Any CPU
		{558854F6-805C-4FE1-83C1-FF4FEFD68A85}.Release|Any CPU.Build.0 = Release|Any CPU
		{6EC9AA3F-0C6C-419D-A528-A03D9F6808AE}.Debug|Any CPU.ActiveCfg = Debug|Any CPU
		{6EC9AA3F-0C6C-419D-A528-A03D9F6808AE}.Debug|Any CPU.Build.0 = Debug|Any CPU
		{6EC9AA3F-0C6C-419D-A528-A03D9F6808AE}.Release|Any CPU.ActiveCfg = Release|Any CPU
		{6EC9AA3F-0C6C-419D-A528-A03D9F6808AE}.Release|Any CPU.Build.0 = Release|Any CPU
	EndGlobalSection
	GlobalSection(SolutionProperties) = preSolution
		HideSolutionNode = FALSE
	EndGlobalSection
	GlobalSection(ExtensibilityGlobals) = postSolution
		SolutionGuid = {4D7ABA73-0309-4416-BA47-FD539A9DBFFC}
	EndGlobalSection
EndGlobal
